// !$*UTF8*$!
{
	archiveVersion = 1;
	classes = {
	};
	objectVersion = 56;
	objects = {

/* Begin PBXBuildFile section */
		0B3CA5A3373AD27FDAC3DD2E /* Pods_LBGAssignmentTests.framework in Frameworks */ = {isa = PBXBuildFile; fileRef = 39D548AA0C9E0456AC53C6C2 /* Pods_LBGAssignmentTests.framework */; };
		5006674F292A487100363584 /* AppDelegate.swift in Sources */ = {isa = PBXBuildFile; fileRef = 5006674E292A487100363584 /* AppDelegate.swift */; };
		50066751292A487100363584 /* SceneDelegate.swift in Sources */ = {isa = PBXBuildFile; fileRef = 50066750292A487100363584 /* SceneDelegate.swift */; };
		50066756292A487100363584 /* Main.storyboard in Resources */ = {isa = PBXBuildFile; fileRef = 50066754292A487100363584 /* Main.storyboard */; };
		50066758292A487300363584 /* Assets.xcassets in Resources */ = {isa = PBXBuildFile; fileRef = 50066757292A487300363584 /* Assets.xcassets */; };
		5006675B292A487300363584 /* LaunchScreen.storyboard in Resources */ = {isa = PBXBuildFile; fileRef = 50066759292A487300363584 /* LaunchScreen.storyboard */; };
		50066770292A487300363584 /* LBGAssignmentUITests.swift in Sources */ = {isa = PBXBuildFile; fileRef = 5006676F292A487300363584 /* LBGAssignmentUITests.swift */; };
		50066772292A487300363584 /* LBGAssignmentUITestsLaunchTests.swift in Sources */ = {isa = PBXBuildFile; fileRef = 50066771292A487300363584 /* LBGAssignmentUITestsLaunchTests.swift */; };
		5020707F292CD6720089D14B /* ProductListViewModel.swift in Sources */ = {isa = PBXBuildFile; fileRef = 5020707E292CD6720089D14B /* ProductListViewModel.swift */; };
		50207081292CE6350089D14B /* AppConstants.swift in Sources */ = {isa = PBXBuildFile; fileRef = 50207080292CE6350089D14B /* AppConstants.swift */; };
		50207083292CE8CB0089D14B /* ProductDetailsViewController.swift in Sources */ = {isa = PBXBuildFile; fileRef = 50207082292CE8CB0089D14B /* ProductDetailsViewController.swift */; };
		50207085292CEED90089D14B /* UIViewContolller+Extension.swift in Sources */ = {isa = PBXBuildFile; fileRef = 50207084292CEED90089D14B /* UIViewContolller+Extension.swift */; };
		50207087292CF00E0089D14B /* ProductDetailsViewModel.swift in Sources */ = {isa = PBXBuildFile; fileRef = 50207086292CF00E0089D14B /* ProductDetailsViewModel.swift */; };
		50B37403292CC7AB00C9719D /* WebService.swift in Sources */ = {isa = PBXBuildFile; fileRef = 50B37402292CC7AB00C9719D /* WebService.swift */; };
		50B37405292CC7EC00C9719D /* ServiceError.swift in Sources */ = {isa = PBXBuildFile; fileRef = 50B37404292CC7EC00C9719D /* ServiceError.swift */; };
		50B37409292CC8CD00C9719D /* ProductListViewController.swift in Sources */ = {isa = PBXBuildFile; fileRef = 50B37408292CC8CD00C9719D /* ProductListViewController.swift */; };
		50B37410292CCA5000C9719D /* ProductCollectionViewCell.swift in Sources */ = {isa = PBXBuildFile; fileRef = 50B3740E292CCA5000C9719D /* ProductCollectionViewCell.swift */; };
		50B37411292CCA5000C9719D /* ProductCollectionViewCell.xib in Resources */ = {isa = PBXBuildFile; fileRef = 50B3740F292CCA5000C9719D /* ProductCollectionViewCell.xib */; };
		50E777DB292DDC8A002C7F2A /* ProductListViewModelTests.swift in Sources */ = {isa = PBXBuildFile; fileRef = 50E777DA292DDC8A002C7F2A /* ProductListViewModelTests.swift */; };
		50E777DE292DE102002C7F2A /* ProductList.json in Resources */ = {isa = PBXBuildFile; fileRef = 50E777DD292DE102002C7F2A /* ProductList.json */; };
		50E777E0292DE160002C7F2A /* DataMocker.swift in Sources */ = {isa = PBXBuildFile; fileRef = 50E777DF292DE15F002C7F2A /* DataMocker.swift */; };
		50E777E2292DEB3F002C7F2A /* ProductDetailsViewModelTests.swift in Sources */ = {isa = PBXBuildFile; fileRef = 50E777E1292DEB3F002C7F2A /* ProductDetailsViewModelTests.swift */; };
		50E777E4292DECCD002C7F2A /* ProductViewModel.swift in Sources */ = {isa = PBXBuildFile; fileRef = 50E777E3292DECCD002C7F2A /* ProductViewModel.swift */; };
		50FB74BC292C91760027AF64 /* HttpMethod.swift in Sources */ = {isa = PBXBuildFile; fileRef = 50FB74BB292C91760027AF64 /* HttpMethod.swift */; };
		50FB74BE292C92D20027AF64 /* ApiRequest.swift in Sources */ = {isa = PBXBuildFile; fileRef = 50FB74BD292C92D20027AF64 /* ApiRequest.swift */; };
		50FB74C0292C97DD0027AF64 /* MockUrlProtocol.swift in Sources */ = {isa = PBXBuildFile; fileRef = 50FB74BF292C97DD0027AF64 /* MockUrlProtocol.swift */; };
		50FB74C2292C9E9E0027AF64 /* ApiClient.swift in Sources */ = {isa = PBXBuildFile; fileRef = 50FB74C1292C9E9E0027AF64 /* ApiClient.swift */; };
		50FB74C8292CA1150027AF64 /* Products.swift in Sources */ = {isa = PBXBuildFile; fileRef = 50FB74C6292CA1150027AF64 /* Products.swift */; };
		50FB74C9292CA1150027AF64 /* Rating.swift in Sources */ = {isa = PBXBuildFile; fileRef = 50FB74C7292CA1150027AF64 /* Rating.swift */; };
		AF733FF0CA68A530AE404E45 /* Pods_LBGAssignment_LBGAssignmentUITests.framework in Frameworks */ = {isa = PBXBuildFile; fileRef = 353E61885805779F6EA560D5 /* Pods_LBGAssignment_LBGAssignmentUITests.framework */; };
		DC63FE4254AA829E0818185C /* Pods_LBGAssignment.framework in Frameworks */ = {isa = PBXBuildFile; fileRef = DE569D0AE613D5A9A15662EB /* Pods_LBGAssignment.framework */; };
/* End PBXBuildFile section */

/* Begin PBXContainerItemProxy section */
		50066762292A487300363584 /* PBXContainerItemProxy */ = {
			isa = PBXContainerItemProxy;
			containerPortal = 50066743292A487100363584 /* Project object */;
			proxyType = 1;
			remoteGlobalIDString = 5006674A292A487100363584;
			remoteInfo = LBGAssignment;
		};
		5006676C292A487300363584 /* PBXContainerItemProxy */ = {
			isa = PBXContainerItemProxy;
			containerPortal = 50066743292A487100363584 /* Project object */;
			proxyType = 1;
			remoteGlobalIDString = 5006674A292A487100363584;
			remoteInfo = LBGAssignment;
		};
/* End PBXContainerItemProxy section */

/* Begin PBXFileReference section */
		048F42B02C57B7950758692F /* Pods-LBGAssignmentTests.debug.xcconfig */ = {isa = PBXFileReference; includeInIndex = 1; lastKnownFileType = text.xcconfig; name = "Pods-LBGAssignmentTests.debug.xcconfig"; path = "Target Support Files/Pods-LBGAssignmentTests/Pods-LBGAssignmentTests.debug.xcconfig"; sourceTree = "<group>"; };
		353E61885805779F6EA560D5 /* Pods_LBGAssignment_LBGAssignmentUITests.framework */ = {isa = PBXFileReference; explicitFileType = wrapper.framework; includeInIndex = 0; path = Pods_LBGAssignment_LBGAssignmentUITests.framework; sourceTree = BUILT_PRODUCTS_DIR; };
		39D548AA0C9E0456AC53C6C2 /* Pods_LBGAssignmentTests.framework */ = {isa = PBXFileReference; explicitFileType = wrapper.framework; includeInIndex = 0; path = Pods_LBGAssignmentTests.framework; sourceTree = BUILT_PRODUCTS_DIR; };
		5006674B292A487100363584 /* LBGAssignment.app */ = {isa = PBXFileReference; explicitFileType = wrapper.application; includeInIndex = 0; path = LBGAssignment.app; sourceTree = BUILT_PRODUCTS_DIR; };
		5006674E292A487100363584 /* AppDelegate.swift */ = {isa = PBXFileReference; lastKnownFileType = sourcecode.swift; path = AppDelegate.swift; sourceTree = "<group>"; };
		50066750292A487100363584 /* SceneDelegate.swift */ = {isa = PBXFileReference; lastKnownFileType = sourcecode.swift; path = SceneDelegate.swift; sourceTree = "<group>"; };
		50066755292A487100363584 /* Base */ = {isa = PBXFileReference; lastKnownFileType = file.storyboard; name = Base; path = Base.lproj/Main.storyboard; sourceTree = "<group>"; };
		50066757292A487300363584 /* Assets.xcassets */ = {isa = PBXFileReference; lastKnownFileType = folder.assetcatalog; path = Assets.xcassets; sourceTree = "<group>"; };
		5006675A292A487300363584 /* Base */ = {isa = PBXFileReference; lastKnownFileType = file.storyboard; name = Base; path = Base.lproj/LaunchScreen.storyboard; sourceTree = "<group>"; };
		5006675C292A487300363584 /* Info.plist */ = {isa = PBXFileReference; lastKnownFileType = text.plist.xml; path = Info.plist; sourceTree = "<group>"; };
		50066761292A487300363584 /* LBGAssignmentTests.xctest */ = {isa = PBXFileReference; explicitFileType = wrapper.cfbundle; includeInIndex = 0; path = LBGAssignmentTests.xctest; sourceTree = BUILT_PRODUCTS_DIR; };
		5006676B292A487300363584 /* LBGAssignmentUITests.xctest */ = {isa = PBXFileReference; explicitFileType = wrapper.cfbundle; includeInIndex = 0; path = LBGAssignmentUITests.xctest; sourceTree = BUILT_PRODUCTS_DIR; };
		5006676F292A487300363584 /* LBGAssignmentUITests.swift */ = {isa = PBXFileReference; lastKnownFileType = sourcecode.swift; path = LBGAssignmentUITests.swift; sourceTree = "<group>"; };
		50066771292A487300363584 /* LBGAssignmentUITestsLaunchTests.swift */ = {isa = PBXFileReference; lastKnownFileType = sourcecode.swift; path = LBGAssignmentUITestsLaunchTests.swift; sourceTree = "<group>"; };
		5020707E292CD6720089D14B /* ProductListViewModel.swift */ = {isa = PBXFileReference; lastKnownFileType = sourcecode.swift; path = ProductListViewModel.swift; sourceTree = "<group>"; };
		50207080292CE6350089D14B /* AppConstants.swift */ = {isa = PBXFileReference; lastKnownFileType = sourcecode.swift; path = AppConstants.swift; sourceTree = "<group>"; };
		50207082292CE8CB0089D14B /* ProductDetailsViewController.swift */ = {isa = PBXFileReference; lastKnownFileType = sourcecode.swift; path = ProductDetailsViewController.swift; sourceTree = "<group>"; };
		50207084292CEED90089D14B /* UIViewContolller+Extension.swift */ = {isa = PBXFileReference; lastKnownFileType = sourcecode.swift; path = "UIViewContolller+Extension.swift"; sourceTree = "<group>"; };
		50207086292CF00E0089D14B /* ProductDetailsViewModel.swift */ = {isa = PBXFileReference; lastKnownFileType = sourcecode.swift; path = ProductDetailsViewModel.swift; sourceTree = "<group>"; };
		506A139F7DEBBA1678194658 /* Pods-LBGAssignment-LBGAssignmentUITests.debug.xcconfig */ = {isa = PBXFileReference; includeInIndex = 1; lastKnownFileType = text.xcconfig; name = "Pods-LBGAssignment-LBGAssignmentUITests.debug.xcconfig"; path = "Target Support Files/Pods-LBGAssignment-LBGAssignmentUITests/Pods-LBGAssignment-LBGAssignmentUITests.debug.xcconfig"; sourceTree = "<group>"; };
		50B37402292CC7AB00C9719D /* WebService.swift */ = {isa = PBXFileReference; lastKnownFileType = sourcecode.swift; path = WebService.swift; sourceTree = "<group>"; };
		50B37404292CC7EC00C9719D /* ServiceError.swift */ = {isa = PBXFileReference; lastKnownFileType = sourcecode.swift; path = ServiceError.swift; sourceTree = "<group>"; };
		50B37408292CC8CD00C9719D /* ProductListViewController.swift */ = {isa = PBXFileReference; lastKnownFileType = sourcecode.swift; path = ProductListViewController.swift; sourceTree = "<group>"; };
		50B3740E292CCA5000C9719D /* ProductCollectionViewCell.swift */ = {isa = PBXFileReference; lastKnownFileType = sourcecode.swift; path = ProductCollectionViewCell.swift; sourceTree = "<group>"; };
		50B3740F292CCA5000C9719D /* ProductCollectionViewCell.xib */ = {isa = PBXFileReference; lastKnownFileType = file.xib; path = ProductCollectionViewCell.xib; sourceTree = "<group>"; };
		50E777DA292DDC8A002C7F2A /* ProductListViewModelTests.swift */ = {isa = PBXFileReference; lastKnownFileType = sourcecode.swift; path = ProductListViewModelTests.swift; sourceTree = "<group>"; };
		50E777DD292DE102002C7F2A /* ProductList.json */ = {isa = PBXFileReference; lastKnownFileType = text.json; path = ProductList.json; sourceTree = "<group>"; };
		50E777DF292DE15F002C7F2A /* DataMocker.swift */ = {isa = PBXFileReference; fileEncoding = 4; lastKnownFileType = sourcecode.swift; path = DataMocker.swift; sourceTree = "<group>"; };
		50E777E1292DEB3F002C7F2A /* ProductDetailsViewModelTests.swift */ = {isa = PBXFileReference; lastKnownFileType = sourcecode.swift; path = ProductDetailsViewModelTests.swift; sourceTree = "<group>"; };
		50E777E3292DECCD002C7F2A /* ProductViewModel.swift */ = {isa = PBXFileReference; lastKnownFileType = sourcecode.swift; path = ProductViewModel.swift; sourceTree = "<group>"; };
		50FB74BB292C91760027AF64 /* HttpMethod.swift */ = {isa = PBXFileReference; lastKnownFileType = sourcecode.swift; path = HttpMethod.swift; sourceTree = "<group>"; };
		50FB74BD292C92D20027AF64 /* ApiRequest.swift */ = {isa = PBXFileReference; lastKnownFileType = sourcecode.swift; path = ApiRequest.swift; sourceTree = "<group>"; };
		50FB74BF292C97DD0027AF64 /* MockUrlProtocol.swift */ = {isa = PBXFileReference; lastKnownFileType = sourcecode.swift; path = MockUrlProtocol.swift; sourceTree = "<group>"; };
		50FB74C1292C9E9E0027AF64 /* ApiClient.swift */ = {isa = PBXFileReference; lastKnownFileType = sourcecode.swift; path = ApiClient.swift; sourceTree = "<group>"; };
		50FB74C6292CA1150027AF64 /* Products.swift */ = {isa = PBXFileReference; fileEncoding = 4; lastKnownFileType = sourcecode.swift; path = Products.swift; sourceTree = "<group>"; };
		50FB74C7292CA1150027AF64 /* Rating.swift */ = {isa = PBXFileReference; fileEncoding = 4; lastKnownFileType = sourcecode.swift; path = Rating.swift; sourceTree = "<group>"; };
		6E43FF33E099A2F74771DFD9 /* Pods-LBGAssignmentTests.release.xcconfig */ = {isa = PBXFileReference; includeInIndex = 1; lastKnownFileType = text.xcconfig; name = "Pods-LBGAssignmentTests.release.xcconfig"; path = "Target Support Files/Pods-LBGAssignmentTests/Pods-LBGAssignmentTests.release.xcconfig"; sourceTree = "<group>"; };
		83D81D0F9CC34F2E77BD6660 /* Pods-LBGAssignment.release.xcconfig */ = {isa = PBXFileReference; includeInIndex = 1; lastKnownFileType = text.xcconfig; name = "Pods-LBGAssignment.release.xcconfig"; path = "Target Support Files/Pods-LBGAssignment/Pods-LBGAssignment.release.xcconfig"; sourceTree = "<group>"; };
		D68EC8A729C6D4FE086EF834 /* Pods-LBGAssignment-LBGAssignmentUITests.release.xcconfig */ = {isa = PBXFileReference; includeInIndex = 1; lastKnownFileType = text.xcconfig; name = "Pods-LBGAssignment-LBGAssignmentUITests.release.xcconfig"; path = "Target Support Files/Pods-LBGAssignment-LBGAssignmentUITests/Pods-LBGAssignment-LBGAssignmentUITests.release.xcconfig"; sourceTree = "<group>"; };
		DE569D0AE613D5A9A15662EB /* Pods_LBGAssignment.framework */ = {isa = PBXFileReference; explicitFileType = wrapper.framework; includeInIndex = 0; path = Pods_LBGAssignment.framework; sourceTree = BUILT_PRODUCTS_DIR; };
		E8ADD423823B6FE1A3FE57EF /* Pods-LBGAssignment.debug.xcconfig */ = {isa = PBXFileReference; includeInIndex = 1; lastKnownFileType = text.xcconfig; name = "Pods-LBGAssignment.debug.xcconfig"; path = "Target Support Files/Pods-LBGAssignment/Pods-LBGAssignment.debug.xcconfig"; sourceTree = "<group>"; };
/* End PBXFileReference section */

/* Begin PBXFrameworksBuildPhase section */
		50066748292A487100363584 /* Frameworks */ = {
			isa = PBXFrameworksBuildPhase;
			buildActionMask = 2147483647;
			files = (
				DC63FE4254AA829E0818185C /* Pods_LBGAssignment.framework in Frameworks */,
			);
			runOnlyForDeploymentPostprocessing = 0;
		};
		5006675E292A487300363584 /* Frameworks */ = {
			isa = PBXFrameworksBuildPhase;
			buildActionMask = 2147483647;
			files = (
				0B3CA5A3373AD27FDAC3DD2E /* Pods_LBGAssignmentTests.framework in Frameworks */,
			);
			runOnlyForDeploymentPostprocessing = 0;
		};
		50066768292A487300363584 /* Frameworks */ = {
			isa = PBXFrameworksBuildPhase;
			buildActionMask = 2147483647;
			files = (
				AF733FF0CA68A530AE404E45 /* Pods_LBGAssignment_LBGAssignmentUITests.framework in Frameworks */,
			);
			runOnlyForDeploymentPostprocessing = 0;
		};
/* End PBXFrameworksBuildPhase section */

/* Begin PBXGroup section */
		50066742292A487100363584 = {
			isa = PBXGroup;
			children = (
				5006674D292A487100363584 /* LBGAssignment */,
				50066764292A487300363584 /* LBGAssignmentTests */,
				5006676E292A487300363584 /* LBGAssignmentUITests */,
				5006674C292A487100363584 /* Products */,
				DFA23A0B4CD767D20950C607 /* Pods */,
				F69E2D5B8A6BAB7681E39AE6 /* Frameworks */,
			);
			sourceTree = "<group>";
		};
		5006674C292A487100363584 /* Products */ = {
			isa = PBXGroup;
			children = (
				5006674B292A487100363584 /* LBGAssignment.app */,
				50066761292A487300363584 /* LBGAssignmentTests.xctest */,
				5006676B292A487300363584 /* LBGAssignmentUITests.xctest */,
			);
			name = Products;
			sourceTree = "<group>";
		};
		5006674D292A487100363584 /* LBGAssignment */ = {
			isa = PBXGroup;
			children = (
				50066750292A487100363584 /* SceneDelegate.swift */,
				5006674E292A487100363584 /* AppDelegate.swift */,
				50FB74BA292C91610027AF64 /* Network */,
				50207080292CE6350089D14B /* AppConstants.swift */,
				50207084292CEED90089D14B /* UIViewContolller+Extension.swift */,
				50B37407292CC86E00C9719D /* View Models */,
				50B37406292CC86700C9719D /* Views */,
				50FB74C5292CA1030027AF64 /* Models */,
				50066757292A487300363584 /* Assets.xcassets */,
				50E777DC292DE0BB002C7F2A /* Mock Data */,
				50066759292A487300363584 /* LaunchScreen.storyboard */,
				5006675C292A487300363584 /* Info.plist */,
			);
			path = LBGAssignment;
			sourceTree = "<group>";
		};
		50066764292A487300363584 /* LBGAssignmentTests */ = {
			isa = PBXGroup;
			children = (
				50E777DF292DE15F002C7F2A /* DataMocker.swift */,
				50FB74BF292C97DD0027AF64 /* MockUrlProtocol.swift */,
				50E777DA292DDC8A002C7F2A /* ProductListViewModelTests.swift */,
				50E777E1292DEB3F002C7F2A /* ProductDetailsViewModelTests.swift */,
			);
			path = LBGAssignmentTests;
			sourceTree = "<group>";
		};
		5006676E292A487300363584 /* LBGAssignmentUITests */ = {
			isa = PBXGroup;
			children = (
				5006676F292A487300363584 /* LBGAssignmentUITests.swift */,
				50066771292A487300363584 /* LBGAssignmentUITestsLaunchTests.swift */,
			);
			path = LBGAssignmentUITests;
			sourceTree = "<group>";
		};
		50B37406292CC86700C9719D /* Views */ = {
			isa = PBXGroup;
			children = (
				50066754292A487100363584 /* Main.storyboard */,
				50B37408292CC8CD00C9719D /* ProductListViewController.swift */,
				50B3740E292CCA5000C9719D /* ProductCollectionViewCell.swift */,
				50B3740F292CCA5000C9719D /* ProductCollectionViewCell.xib */,
				50207082292CE8CB0089D14B /* ProductDetailsViewController.swift */,
			);
			path = Views;
			sourceTree = "<group>";
		};
		50B37407292CC86E00C9719D /* View Models */ = {
			isa = PBXGroup;
			children = (
				50E777E3292DECCD002C7F2A /* ProductViewModel.swift */,
				5020707E292CD6720089D14B /* ProductListViewModel.swift */,
				50207086292CF00E0089D14B /* ProductDetailsViewModel.swift */,
			);
			path = "View Models";
			sourceTree = "<group>";
		};
		50E777DC292DE0BB002C7F2A /* Mock Data */ = {
			isa = PBXGroup;
			children = (
				50E777DD292DE102002C7F2A /* ProductList.json */,
			);
			path = "Mock Data";
			sourceTree = "<group>";
		};
		50FB74BA292C91610027AF64 /* Network */ = {
			isa = PBXGroup;
			children = (
				50FB74BB292C91760027AF64 /* HttpMethod.swift */,
				50FB74BD292C92D20027AF64 /* ApiRequest.swift */,
				50FB74C1292C9E9E0027AF64 /* ApiClient.swift */,
				50B37402292CC7AB00C9719D /* WebService.swift */,
				50B37404292CC7EC00C9719D /* ServiceError.swift */,
			);
			path = Network;
			sourceTree = "<group>";
		};
		50FB74C5292CA1030027AF64 /* Models */ = {
			isa = PBXGroup;
			children = (
				50FB74C6292CA1150027AF64 /* Products.swift */,
				50FB74C7292CA1150027AF64 /* Rating.swift */,
			);
			path = Models;
			sourceTree = "<group>";
		};
		DFA23A0B4CD767D20950C607 /* Pods */ = {
			isa = PBXGroup;
			children = (
				E8ADD423823B6FE1A3FE57EF /* Pods-LBGAssignment.debug.xcconfig */,
				83D81D0F9CC34F2E77BD6660 /* Pods-LBGAssignment.release.xcconfig */,
				506A139F7DEBBA1678194658 /* Pods-LBGAssignment-LBGAssignmentUITests.debug.xcconfig */,
				D68EC8A729C6D4FE086EF834 /* Pods-LBGAssignment-LBGAssignmentUITests.release.xcconfig */,
				048F42B02C57B7950758692F /* Pods-LBGAssignmentTests.debug.xcconfig */,
				6E43FF33E099A2F74771DFD9 /* Pods-LBGAssignmentTests.release.xcconfig */,
			);
			path = Pods;
			sourceTree = "<group>";
		};
		F69E2D5B8A6BAB7681E39AE6 /* Frameworks */ = {
			isa = PBXGroup;
			children = (
				DE569D0AE613D5A9A15662EB /* Pods_LBGAssignment.framework */,
				353E61885805779F6EA560D5 /* Pods_LBGAssignment_LBGAssignmentUITests.framework */,
				39D548AA0C9E0456AC53C6C2 /* Pods_LBGAssignmentTests.framework */,
			);
			name = Frameworks;
			sourceTree = "<group>";
		};
/* End PBXGroup section */

/* Begin PBXNativeTarget section */
		5006674A292A487100363584 /* LBGAssignment */ = {
			isa = PBXNativeTarget;
			buildConfigurationList = 50066775292A487300363584 /* Build configuration list for PBXNativeTarget "LBGAssignment" */;
			buildPhases = (
				A78E88423421F01E67464564 /* [CP] Check Pods Manifest.lock */,
				50066747292A487100363584 /* Sources */,
				50066748292A487100363584 /* Frameworks */,
				50066749292A487100363584 /* Resources */,
				D6DC8A75C02EBB50D2E847FE /* [CP] Embed Pods Frameworks */,
			);
			buildRules = (
			);
			dependencies = (
			);
			name = LBGAssignment;
			productName = LBGAssignment;
			productReference = 5006674B292A487100363584 /* LBGAssignment.app */;
			productType = "com.apple.product-type.application";
		};
		50066760292A487300363584 /* LBGAssignmentTests */ = {
			isa = PBXNativeTarget;
			buildConfigurationList = 50066778292A487300363584 /* Build configuration list for PBXNativeTarget "LBGAssignmentTests" */;
			buildPhases = (
				D04719D9E3B0ADB5BC7BA4B2 /* [CP] Check Pods Manifest.lock */,
				5006675D292A487300363584 /* Sources */,
				5006675E292A487300363584 /* Frameworks */,
				5006675F292A487300363584 /* Resources */,
			);
			buildRules = (
			);
			dependencies = (
				50066763292A487300363584 /* PBXTargetDependency */,
			);
			name = LBGAssignmentTests;
			productName = LBGAssignmentTests;
			productReference = 50066761292A487300363584 /* LBGAssignmentTests.xctest */;
			productType = "com.apple.product-type.bundle.unit-test";
		};
		5006676A292A487300363584 /* LBGAssignmentUITests */ = {
			isa = PBXNativeTarget;
			buildConfigurationList = 5006677B292A487300363584 /* Build configuration list for PBXNativeTarget "LBGAssignmentUITests" */;
			buildPhases = (
				7B394F47BDA2444E098380BB /* [CP] Check Pods Manifest.lock */,
				50066767292A487300363584 /* Sources */,
				50066768292A487300363584 /* Frameworks */,
				50066769292A487300363584 /* Resources */,
				02916115A855D30DCCCE557E /* [CP] Embed Pods Frameworks */,
			);
			buildRules = (
			);
			dependencies = (
				5006676D292A487300363584 /* PBXTargetDependency */,
			);
			name = LBGAssignmentUITests;
			productName = LBGAssignmentUITests;
			productReference = 5006676B292A487300363584 /* LBGAssignmentUITests.xctest */;
			productType = "com.apple.product-type.bundle.ui-testing";
		};
/* End PBXNativeTarget section */

/* Begin PBXProject section */
		50066743292A487100363584 /* Project object */ = {
			isa = PBXProject;
			attributes = {
				BuildIndependentTargetsInParallel = 1;
				LastSwiftUpdateCheck = 1400;
				LastUpgradeCheck = 1400;
				TargetAttributes = {
					5006674A292A487100363584 = {
						CreatedOnToolsVersion = 14.0.1;
					};
					50066760292A487300363584 = {
						CreatedOnToolsVersion = 14.0.1;
						TestTargetID = 5006674A292A487100363584;
					};
					5006676A292A487300363584 = {
						CreatedOnToolsVersion = 14.0.1;
						TestTargetID = 5006674A292A487100363584;
					};
				};
			};
			buildConfigurationList = 50066746292A487100363584 /* Build configuration list for PBXProject "LBGAssignment" */;
			compatibilityVersion = "Xcode 14.0";
			developmentRegion = en;
			hasScannedForEncodings = 0;
			knownRegions = (
				en,
				Base,
			);
			mainGroup = 50066742292A487100363584;
			productRefGroup = 5006674C292A487100363584 /* Products */;
			projectDirPath = "";
			projectRoot = "";
			targets = (
				5006674A292A487100363584 /* LBGAssignment */,
				50066760292A487300363584 /* LBGAssignmentTests */,
				5006676A292A487300363584 /* LBGAssignmentUITests */,
			);
		};
/* End PBXProject section */

/* Begin PBXResourcesBuildPhase section */
		50066749292A487100363584 /* Resources */ = {
			isa = PBXResourcesBuildPhase;
			buildActionMask = 2147483647;
			files = (
				5006675B292A487300363584 /* LaunchScreen.storyboard in Resources */,
				50B37411292CCA5000C9719D /* ProductCollectionViewCell.xib in Resources */,
				50066758292A487300363584 /* Assets.xcassets in Resources */,
				50066756292A487100363584 /* Main.storyboard in Resources */,
				50E777DE292DE102002C7F2A /* ProductList.json in Resources */,
			);
			runOnlyForDeploymentPostprocessing = 0;
		};
		5006675F292A487300363584 /* Resources */ = {
			isa = PBXResourcesBuildPhase;
			buildActionMask = 2147483647;
			files = (
			);
			runOnlyForDeploymentPostprocessing = 0;
		};
		50066769292A487300363584 /* Resources */ = {
			isa = PBXResourcesBuildPhase;
			buildActionMask = 2147483647;
			files = (
			);
			runOnlyForDeploymentPostprocessing = 0;
		};
/* End PBXResourcesBuildPhase section */

/* Begin PBXShellScriptBuildPhase section */
		02916115A855D30DCCCE557E /* [CP] Embed Pods Frameworks */ = {
			isa = PBXShellScriptBuildPhase;
			buildActionMask = 2147483647;
			files = (
			);
			inputFileListPaths = (
				"${PODS_ROOT}/Target Support Files/Pods-LBGAssignment-LBGAssignmentUITests/Pods-LBGAssignment-LBGAssignmentUITests-frameworks-${CONFIGURATION}-input-files.xcfilelist",
			);
			name = "[CP] Embed Pods Frameworks";
			outputFileListPaths = (
				"${PODS_ROOT}/Target Support Files/Pods-LBGAssignment-LBGAssignmentUITests/Pods-LBGAssignment-LBGAssignmentUITests-frameworks-${CONFIGURATION}-output-files.xcfilelist",
			);
			runOnlyForDeploymentPostprocessing = 0;
			shellPath = /bin/sh;
			shellScript = "\"${PODS_ROOT}/Target Support Files/Pods-LBGAssignment-LBGAssignmentUITests/Pods-LBGAssignment-LBGAssignmentUITests-frameworks.sh\"\n";
			showEnvVarsInLog = 0;
		};
		7B394F47BDA2444E098380BB /* [CP] Check Pods Manifest.lock */ = {
			isa = PBXShellScriptBuildPhase;
			buildActionMask = 2147483647;
			files = (
			);
			inputFileListPaths = (
			);
			inputPaths = (
				"${PODS_PODFILE_DIR_PATH}/Podfile.lock",
				"${PODS_ROOT}/Manifest.lock",
			);
			name = "[CP] Check Pods Manifest.lock";
			outputFileListPaths = (
			);
			outputPaths = (
				"$(DERIVED_FILE_DIR)/Pods-LBGAssignment-LBGAssignmentUITests-checkManifestLockResult.txt",
			);
			runOnlyForDeploymentPostprocessing = 0;
			shellPath = /bin/sh;
			shellScript = "diff \"${PODS_PODFILE_DIR_PATH}/Podfile.lock\" \"${PODS_ROOT}/Manifest.lock\" > /dev/null\nif [ $? != 0 ] ; then\n    # print error to STDERR\n    echo \"error: The sandbox is not in sync with the Podfile.lock. Run 'pod install' or update your CocoaPods installation.\" >&2\n    exit 1\nfi\n# This output is used by Xcode 'outputs' to avoid re-running this script phase.\necho \"SUCCESS\" > \"${SCRIPT_OUTPUT_FILE_0}\"\n";
			showEnvVarsInLog = 0;
		};
		A78E88423421F01E67464564 /* [CP] Check Pods Manifest.lock */ = {
			isa = PBXShellScriptBuildPhase;
			buildActionMask = 2147483647;
			files = (
			);
			inputFileListPaths = (
			);
			inputPaths = (
				"${PODS_PODFILE_DIR_PATH}/Podfile.lock",
				"${PODS_ROOT}/Manifest.lock",
			);
			name = "[CP] Check Pods Manifest.lock";
			outputFileListPaths = (
			);
			outputPaths = (
				"$(DERIVED_FILE_DIR)/Pods-LBGAssignment-checkManifestLockResult.txt",
			);
			runOnlyForDeploymentPostprocessing = 0;
			shellPath = /bin/sh;
			shellScript = "diff \"${PODS_PODFILE_DIR_PATH}/Podfile.lock\" \"${PODS_ROOT}/Manifest.lock\" > /dev/null\nif [ $? != 0 ] ; then\n    # print error to STDERR\n    echo \"error: The sandbox is not in sync with the Podfile.lock. Run 'pod install' or update your CocoaPods installation.\" >&2\n    exit 1\nfi\n# This output is used by Xcode 'outputs' to avoid re-running this script phase.\necho \"SUCCESS\" > \"${SCRIPT_OUTPUT_FILE_0}\"\n";
			showEnvVarsInLog = 0;
		};
		D04719D9E3B0ADB5BC7BA4B2 /* [CP] Check Pods Manifest.lock */ = {
			isa = PBXShellScriptBuildPhase;
			buildActionMask = 2147483647;
			files = (
			);
			inputFileListPaths = (
			);
			inputPaths = (
				"${PODS_PODFILE_DIR_PATH}/Podfile.lock",
				"${PODS_ROOT}/Manifest.lock",
			);
			name = "[CP] Check Pods Manifest.lock";
			outputFileListPaths = (
			);
			outputPaths = (
				"$(DERIVED_FILE_DIR)/Pods-LBGAssignmentTests-checkManifestLockResult.txt",
			);
			runOnlyForDeploymentPostprocessing = 0;
			shellPath = /bin/sh;
			shellScript = "diff \"${PODS_PODFILE_DIR_PATH}/Podfile.lock\" \"${PODS_ROOT}/Manifest.lock\" > /dev/null\nif [ $? != 0 ] ; then\n    # print error to STDERR\n    echo \"error: The sandbox is not in sync with the Podfile.lock. Run 'pod install' or update your CocoaPods installation.\" >&2\n    exit 1\nfi\n# This output is used by Xcode 'outputs' to avoid re-running this script phase.\necho \"SUCCESS\" > \"${SCRIPT_OUTPUT_FILE_0}\"\n";
			showEnvVarsInLog = 0;
		};
		D6DC8A75C02EBB50D2E847FE /* [CP] Embed Pods Frameworks */ = {
			isa = PBXShellScriptBuildPhase;
			buildActionMask = 2147483647;
			files = (
			);
			inputFileListPaths = (
				"${PODS_ROOT}/Target Support Files/Pods-LBGAssignment/Pods-LBGAssignment-frameworks-${CONFIGURATION}-input-files.xcfilelist",
			);
			name = "[CP] Embed Pods Frameworks";
			outputFileListPaths = (
				"${PODS_ROOT}/Target Support Files/Pods-LBGAssignment/Pods-LBGAssignment-frameworks-${CONFIGURATION}-output-files.xcfilelist",
			);
			runOnlyForDeploymentPostprocessing = 0;
			shellPath = /bin/sh;
			shellScript = "\"${PODS_ROOT}/Target Support Files/Pods-LBGAssignment/Pods-LBGAssignment-frameworks.sh\"\n";
			showEnvVarsInLog = 0;
		};
/* End PBXShellScriptBuildPhase section */

/* Begin PBXSourcesBuildPhase section */
		50066747292A487100363584 /* Sources */ = {
			isa = PBXSourcesBuildPhase;
			buildActionMask = 2147483647;
			files = (
				50E777E4292DECCD002C7F2A /* ProductViewModel.swift in Sources */,
				50B37405292CC7EC00C9719D /* ServiceError.swift in Sources */,
				50B37403292CC7AB00C9719D /* WebService.swift in Sources */,
				50FB74BE292C92D20027AF64 /* ApiRequest.swift in Sources */,
				50207083292CE8CB0089D14B /* ProductDetailsViewController.swift in Sources */,
				50FB74BC292C91760027AF64 /* HttpMethod.swift in Sources */,
				50207081292CE6350089D14B /* AppConstants.swift in Sources */,
				50B37410292CCA5000C9719D /* ProductCollectionViewCell.swift in Sources */,
				5006674F292A487100363584 /* AppDelegate.swift in Sources */,
				50FB74C9292CA1150027AF64 /* Rating.swift in Sources */,
				50066751292A487100363584 /* SceneDelegate.swift in Sources */,
				5020707F292CD6720089D14B /* ProductListViewModel.swift in Sources */,
				50207087292CF00E0089D14B /* ProductDetailsViewModel.swift in Sources */,
				50FB74C8292CA1150027AF64 /* Products.swift in Sources */,
				50B37409292CC8CD00C9719D /* ProductListViewController.swift in Sources */,
				50207085292CEED90089D14B /* UIViewContolller+Extension.swift in Sources */,
				50FB74C2292C9E9E0027AF64 /* ApiClient.swift in Sources */,
			);
			runOnlyForDeploymentPostprocessing = 0;
		};
		5006675D292A487300363584 /* Sources */ = {
			isa = PBXSourcesBuildPhase;
			buildActionMask = 2147483647;
			files = (
				50FB74C0292C97DD0027AF64 /* MockUrlProtocol.swift in Sources */,
				50E777DB292DDC8A002C7F2A /* ProductListViewModelTests.swift in Sources */,
				50E777E0292DE160002C7F2A /* DataMocker.swift in Sources */,
				50E777E2292DEB3F002C7F2A /* ProductDetailsViewModelTests.swift in Sources */,
			);
			runOnlyForDeploymentPostprocessing = 0;
		};
		50066767292A487300363584 /* Sources */ = {
			isa = PBXSourcesBuildPhase;
			buildActionMask = 2147483647;
			files = (
				50066770292A487300363584 /* LBGAssignmentUITests.swift in Sources */,
				50066772292A487300363584 /* LBGAssignmentUITestsLaunchTests.swift in Sources */,
			);
			runOnlyForDeploymentPostprocessing = 0;
		};
/* End PBXSourcesBuildPhase section */

/* Begin PBXTargetDependency section */
		50066763292A487300363584 /* PBXTargetDependency */ = {
			isa = PBXTargetDependency;
			target = 5006674A292A487100363584 /* LBGAssignment */;
			targetProxy = 50066762292A487300363584 /* PBXContainerItemProxy */;
		};
		5006676D292A487300363584 /* PBXTargetDependency */ = {
			isa = PBXTargetDependency;
			target = 5006674A292A487100363584 /* LBGAssignment */;
			targetProxy = 5006676C292A487300363584 /* PBXContainerItemProxy */;
		};
/* End PBXTargetDependency section */

/* Begin PBXVariantGroup section */
		50066754292A487100363584 /* Main.storyboard */ = {
			isa = PBXVariantGroup;
			children = (
				50066755292A487100363584 /* Base */,
			);
			name = Main.storyboard;
			sourceTree = "<group>";
		};
		50066759292A487300363584 /* LaunchScreen.storyboard */ = {
			isa = PBXVariantGroup;
			children = (
				5006675A292A487300363584 /* Base */,
			);
			name = LaunchScreen.storyboard;
			sourceTree = "<group>";
		};
/* End PBXVariantGroup section */

/* Begin XCBuildConfiguration section */
		50066773292A487300363584 /* Debug */ = {
			isa = XCBuildConfiguration;
			buildSettings = {
				ALWAYS_SEARCH_USER_PATHS = NO;
				CLANG_ANALYZER_NONNULL = YES;
				CLANG_ANALYZER_NUMBER_OBJECT_CONVERSION = YES_AGGRESSIVE;
				CLANG_CXX_LANGUAGE_STANDARD = "gnu++20";
				CLANG_ENABLE_MODULES = YES;
				CLANG_ENABLE_OBJC_ARC = YES;
				CLANG_ENABLE_OBJC_WEAK = YES;
				CLANG_WARN_BLOCK_CAPTURE_AUTORELEASING = YES;
				CLANG_WARN_BOOL_CONVERSION = YES;
				CLANG_WARN_COMMA = YES;
				CLANG_WARN_CONSTANT_CONVERSION = YES;
				CLANG_WARN_DEPRECATED_OBJC_IMPLEMENTATIONS = YES;
				CLANG_WARN_DIRECT_OBJC_ISA_USAGE = YES_ERROR;
				CLANG_WARN_DOCUMENTATION_COMMENTS = YES;
				CLANG_WARN_EMPTY_BODY = YES;
				CLANG_WARN_ENUM_CONVERSION = YES;
				CLANG_WARN_INFINITE_RECURSION = YES;
				CLANG_WARN_INT_CONVERSION = YES;
				CLANG_WARN_NON_LITERAL_NULL_CONVERSION = YES;
				CLANG_WARN_OBJC_IMPLICIT_RETAIN_SELF = YES;
				CLANG_WARN_OBJC_LITERAL_CONVERSION = YES;
				CLANG_WARN_OBJC_ROOT_CLASS = YES_ERROR;
				CLANG_WARN_QUOTED_INCLUDE_IN_FRAMEWORK_HEADER = YES;
				CLANG_WARN_RANGE_LOOP_ANALYSIS = YES;
				CLANG_WARN_STRICT_PROTOTYPES = YES;
				CLANG_WARN_SUSPICIOUS_MOVE = YES;
				CLANG_WARN_UNGUARDED_AVAILABILITY = YES_AGGRESSIVE;
				CLANG_WARN_UNREACHABLE_CODE = YES;
				CLANG_WARN__DUPLICATE_METHOD_MATCH = YES;
				COPY_PHASE_STRIP = NO;
				DEBUG_INFORMATION_FORMAT = dwarf;
				ENABLE_STRICT_OBJC_MSGSEND = YES;
				ENABLE_TESTABILITY = YES;
				GCC_C_LANGUAGE_STANDARD = gnu11;
				GCC_DYNAMIC_NO_PIC = NO;
				GCC_NO_COMMON_BLOCKS = YES;
				GCC_OPTIMIZATION_LEVEL = 0;
				GCC_PREPROCESSOR_DEFINITIONS = (
					"DEBUG=1",
					"$(inherited)",
				);
				GCC_WARN_64_TO_32_BIT_CONVERSION = YES;
				GCC_WARN_ABOUT_RETURN_TYPE = YES_ERROR;
				GCC_WARN_UNDECLARED_SELECTOR = YES;
				GCC_WARN_UNINITIALIZED_AUTOS = YES_AGGRESSIVE;
				GCC_WARN_UNUSED_FUNCTION = YES;
				GCC_WARN_UNUSED_VARIABLE = YES;
				IPHONEOS_DEPLOYMENT_TARGET = 16.0;
				MTL_ENABLE_DEBUG_INFO = INCLUDE_SOURCE;
				MTL_FAST_MATH = YES;
				ONLY_ACTIVE_ARCH = YES;
				SDKROOT = iphoneos;
				SWIFT_ACTIVE_COMPILATION_CONDITIONS = DEBUG;
				SWIFT_OPTIMIZATION_LEVEL = "-Onone";
			};
			name = Debug;
		};
		50066774292A487300363584 /* Release */ = {
			isa = XCBuildConfiguration;
			buildSettings = {
				ALWAYS_SEARCH_USER_PATHS = NO;
				CLANG_ANALYZER_NONNULL = YES;
				CLANG_ANALYZER_NUMBER_OBJECT_CONVERSION = YES_AGGRESSIVE;
				CLANG_CXX_LANGUAGE_STANDARD = "gnu++20";
				CLANG_ENABLE_MODULES = YES;
				CLANG_ENABLE_OBJC_ARC = YES;
				CLANG_ENABLE_OBJC_WEAK = YES;
				CLANG_WARN_BLOCK_CAPTURE_AUTORELEASING = YES;
				CLANG_WARN_BOOL_CONVERSION = YES;
				CLANG_WARN_COMMA = YES;
				CLANG_WARN_CONSTANT_CONVERSION = YES;
				CLANG_WARN_DEPRECATED_OBJC_IMPLEMENTATIONS = YES;
				CLANG_WARN_DIRECT_OBJC_ISA_USAGE = YES_ERROR;
				CLANG_WARN_DOCUMENTATION_COMMENTS = YES;
				CLANG_WARN_EMPTY_BODY = YES;
				CLANG_WARN_ENUM_CONVERSION = YES;
				CLANG_WARN_INFINITE_RECURSION = YES;
				CLANG_WARN_INT_CONVERSION = YES;
				CLANG_WARN_NON_LITERAL_NULL_CONVERSION = YES;
				CLANG_WARN_OBJC_IMPLICIT_RETAIN_SELF = YES;
				CLANG_WARN_OBJC_LITERAL_CONVERSION = YES;
				CLANG_WARN_OBJC_ROOT_CLASS = YES_ERROR;
				CLANG_WARN_QUOTED_INCLUDE_IN_FRAMEWORK_HEADER = YES;
				CLANG_WARN_RANGE_LOOP_ANALYSIS = YES;
				CLANG_WARN_STRICT_PROTOTYPES = YES;
				CLANG_WARN_SUSPICIOUS_MOVE = YES;
				CLANG_WARN_UNGUARDED_AVAILABILITY = YES_AGGRESSIVE;
				CLANG_WARN_UNREACHABLE_CODE = YES;
				CLANG_WARN__DUPLICATE_METHOD_MATCH = YES;
				COPY_PHASE_STRIP = NO;
				DEBUG_INFORMATION_FORMAT = "dwarf-with-dsym";
				ENABLE_NS_ASSERTIONS = NO;
				ENABLE_STRICT_OBJC_MSGSEND = YES;
				GCC_C_LANGUAGE_STANDARD = gnu11;
				GCC_NO_COMMON_BLOCKS = YES;
				GCC_WARN_64_TO_32_BIT_CONVERSION = YES;
				GCC_WARN_ABOUT_RETURN_TYPE = YES_ERROR;
				GCC_WARN_UNDECLARED_SELECTOR = YES;
				GCC_WARN_UNINITIALIZED_AUTOS = YES_AGGRESSIVE;
				GCC_WARN_UNUSED_FUNCTION = YES;
				GCC_WARN_UNUSED_VARIABLE = YES;
				IPHONEOS_DEPLOYMENT_TARGET = 16.0;
				MTL_ENABLE_DEBUG_INFO = NO;
				MTL_FAST_MATH = YES;
				SDKROOT = iphoneos;
				SWIFT_COMPILATION_MODE = wholemodule;
				SWIFT_OPTIMIZATION_LEVEL = "-O";
				VALIDATE_PRODUCT = YES;
			};
			name = Release;
		};
		50066776292A487300363584 /* Debug */ = {
			isa = XCBuildConfiguration;
			baseConfigurationReference = E8ADD423823B6FE1A3FE57EF /* Pods-LBGAssignment.debug.xcconfig */;
			buildSettings = {
				ASSETCATALOG_COMPILER_APPICON_NAME = AppIcon;
				ASSETCATALOG_COMPILER_GLOBAL_ACCENT_COLOR_NAME = AccentColor;
				CODE_SIGN_STYLE = Automatic;
				CURRENT_PROJECT_VERSION = 1;
				DEVELOPMENT_TEAM = 93N8646TYF;
				GENERATE_INFOPLIST_FILE = YES;
				INFOPLIST_FILE = LBGAssignment/Info.plist;
				INFOPLIST_KEY_UIApplicationSupportsIndirectInputEvents = YES;
				INFOPLIST_KEY_UILaunchStoryboardName = LaunchScreen;
				INFOPLIST_KEY_UIMainStoryboardFile = Main;
				INFOPLIST_KEY_UISupportedInterfaceOrientations_iPad = "UIInterfaceOrientationPortrait UIInterfaceOrientationPortraitUpsideDown UIInterfaceOrientationLandscapeLeft UIInterfaceOrientationLandscapeRight";
				INFOPLIST_KEY_UISupportedInterfaceOrientations_iPhone = "UIInterfaceOrientationPortrait UIInterfaceOrientationLandscapeLeft UIInterfaceOrientationLandscapeRight";
				LD_RUNPATH_SEARCH_PATHS = (
					"$(inherited)",
					"@executable_path/Frameworks",
				);
				MARKETING_VERSION = 1.0;
				PRODUCT_BUNDLE_IDENTIFIER = com.ios.sachinkvk.LBGAssignment;
				PRODUCT_NAME = "$(TARGET_NAME)";
				SWIFT_EMIT_LOC_STRINGS = YES;
				SWIFT_VERSION = 5.0;
				TARGETED_DEVICE_FAMILY = "1,2";
			};
			name = Debug;
		};
		50066777292A487300363584 /* Release */ = {
			isa = XCBuildConfiguration;
			baseConfigurationReference = 83D81D0F9CC34F2E77BD6660 /* Pods-LBGAssignment.release.xcconfig */;
			buildSettings = {
				ASSETCATALOG_COMPILER_APPICON_NAME = AppIcon;
				ASSETCATALOG_COMPILER_GLOBAL_ACCENT_COLOR_NAME = AccentColor;
				CODE_SIGN_STYLE = Automatic;
				CURRENT_PROJECT_VERSION = 1;
				DEVELOPMENT_TEAM = 93N8646TYF;
				GENERATE_INFOPLIST_FILE = YES;
				INFOPLIST_FILE = LBGAssignment/Info.plist;
				INFOPLIST_KEY_UIApplicationSupportsIndirectInputEvents = YES;
				INFOPLIST_KEY_UILaunchStoryboardName = LaunchScreen;
				INFOPLIST_KEY_UIMainStoryboardFile = Main;
				INFOPLIST_KEY_UISupportedInterfaceOrientations_iPad = "UIInterfaceOrientationPortrait UIInterfaceOrientationPortraitUpsideDown UIInterfaceOrientationLandscapeLeft UIInterfaceOrientationLandscapeRight";
				INFOPLIST_KEY_UISupportedInterfaceOrientations_iPhone = "UIInterfaceOrientationPortrait UIInterfaceOrientationLandscapeLeft UIInterfaceOrientationLandscapeRight";
				LD_RUNPATH_SEARCH_PATHS = (
					"$(inherited)",
					"@executable_path/Frameworks",
				);
				MARKETING_VERSION = 1.0;
				PRODUCT_BUNDLE_IDENTIFIER = com.ios.sachinkvk.LBGAssignment;
				PRODUCT_NAME = "$(TARGET_NAME)";
				SWIFT_EMIT_LOC_STRINGS = YES;
				SWIFT_VERSION = 5.0;
				TARGETED_DEVICE_FAMILY = "1,2";
			};
			name = Release;
		};
		50066779292A487300363584 /* Debug */ = {
			isa = XCBuildConfiguration;
			baseConfigurationReference = 048F42B02C57B7950758692F /* Pods-LBGAssignmentTests.debug.xcconfig */;
			buildSettings = {
				ALWAYS_EMBED_SWIFT_STANDARD_LIBRARIES = YES;
				BUNDLE_LOADER = "$(TEST_HOST)";
				CODE_SIGN_STYLE = Automatic;
				CURRENT_PROJECT_VERSION = 1;
				DEVELOPMENT_TEAM = 93N8646TYF;
				GENERATE_INFOPLIST_FILE = YES;
				IPHONEOS_DEPLOYMENT_TARGET = 16.0;
				MARKETING_VERSION = 1.0;
				PRODUCT_BUNDLE_IDENTIFIER = com.ios.sachinkvk.LBGAssignmentTests;
				PRODUCT_NAME = "$(TARGET_NAME)";
				SWIFT_EMIT_LOC_STRINGS = NO;
				SWIFT_VERSION = 5.0;
				TARGETED_DEVICE_FAMILY = "1,2";
				TEST_HOST = "$(BUILT_PRODUCTS_DIR)/LBGAssignment.app/$(BUNDLE_EXECUTABLE_FOLDER_PATH)/LBGAssignment";
			};
			name = Debug;
		};
		5006677A292A487300363584 /* Release */ = {
			isa = XCBuildConfiguration;
			baseConfigurationReference = 6E43FF33E099A2F74771DFD9 /* Pods-LBGAssignmentTests.release.xcconfig */;
			buildSettings = {
				ALWAYS_EMBED_SWIFT_STANDARD_LIBRARIES = YES;
				BUNDLE_LOADER = "$(TEST_HOST)";
				CODE_SIGN_STYLE = Automatic;
				CURRENT_PROJECT_VERSION = 1;
				DEVELOPMENT_TEAM = 93N8646TYF;
				GENERATE_INFOPLIST_FILE = YES;
				IPHONEOS_DEPLOYMENT_TARGET = 16.0;
				MARKETING_VERSION = 1.0;
				PRODUCT_BUNDLE_IDENTIFIER = com.ios.sachinkvk.LBGAssignmentTests;
				PRODUCT_NAME = "$(TARGET_NAME)";
				SWIFT_EMIT_LOC_STRINGS = NO;
				SWIFT_VERSION = 5.0;
				TARGETED_DEVICE_FAMILY = "1,2";
				TEST_HOST = "$(BUILT_PRODUCTS_DIR)/LBGAssignment.app/$(BUNDLE_EXECUTABLE_FOLDER_PATH)/LBGAssignment";
			};
			name = Release;
		};
		5006677C292A487300363584 /* Debug */ = {
			isa = XCBuildConfiguration;
			baseConfigurationReference = 506A139F7DEBBA1678194658 /* Pods-LBGAssignment-LBGAssignmentUITests.debug.xcconfig */;
			buildSettings = {
				ALWAYS_EMBED_SWIFT_STANDARD_LIBRARIES = YES;
				CODE_SIGN_STYLE = Automatic;
				CURRENT_PROJECT_VERSION = 1;
				DEVELOPMENT_TEAM = 93N8646TYF;
				GENERATE_INFOPLIST_FILE = YES;
				MARKETING_VERSION = 1.0;
				PRODUCT_BUNDLE_IDENTIFIER = com.ios.sachinkvk.LBGAssignmentUITests;
				PRODUCT_NAME = "$(TARGET_NAME)";
				SWIFT_EMIT_LOC_STRINGS = NO;
				SWIFT_VERSION = 5.0;
				TARGETED_DEVICE_FAMILY = "1,2";
				TEST_TARGET_NAME = LBGAssignment;
			};
			name = Debug;
		};
		5006677D292A487300363584 /* Release */ = {
			isa = XCBuildConfiguration;
			baseConfigurationReference = D68EC8A729C6D4FE086EF834 /* Pods-LBGAssignment-LBGAssignmentUITests.release.xcconfig */;
			buildSettings = {
				ALWAYS_EMBED_SWIFT_STANDARD_LIBRARIES = YES;
				CODE_SIGN_STYLE = Automatic;
				CURRENT_PROJECT_VERSION = 1;
				DEVELOPMENT_TEAM = 93N8646TYF;
				GENERATE_INFOPLIST_FILE = YES;
				MARKETING_VERSION = 1.0;
				PRODUCT_BUNDLE_IDENTIFIER = com.ios.sachinkvk.LBGAssignmentUITests;
				PRODUCT_NAME = "$(TARGET_NAME)";
				SWIFT_EMIT_LOC_STRINGS = NO;
				SWIFT_VERSION = 5.0;
				TARGETED_DEVICE_FAMILY = "1,2";
				TEST_TARGET_NAME = LBGAssignment;
			};
			name = Release;
		};
/* End XCBuildConfiguration section */

/* Begin XCConfigurationList section */
		50066746292A487100363584 /* Build configuration list for PBXProject "LBGAssignment" */ = {
			isa = XCConfigurationList;
			buildConfigurations = (
				50066773292A487300363584 /* Debug */,
				50066774292A487300363584 /* Release */,
			);
			defaultConfigurationIsVisible = 0;
			defaultConfigurationName = Release;
		};
		50066775292A487300363584 /* Build configuration list for PBXNativeTarget "LBGAssignment" */ = {
			isa = XCConfigurationList;
			buildConfigurations = (
				50066776292A487300363584 /* Debug */,
				50066777292A487300363584 /* Release */,
			);
			defaultConfigurationIsVisible = 0;
			defaultConfigurationName = Release;
		};
		50066778292A487300363584 /* Build configuration list for PBXNativeTarget "LBGAssignmentTests" */ = {
			isa = XCConfigurationList;
			buildConfigurations = (
				50066779292A487300363584 /* Debug */,
				5006677A292A487300363584 /* Release */,
			);
			defaultConfigurationIsVisible = 0;
			defaultConfigurationName = Release;
		};
		5006677B292A487300363584 /* Build configuration list for PBXNativeTarget "LBGAssignmentUITests" */ = {
			isa = XCConfigurationList;
			buildConfigurations = (
				5006677C292A487300363584 /* Debug */,
				5006677D292A487300363584 /* Release */,
			);
			defaultConfigurationIsVisible = 0;
			defaultConfigurationName = Release;
		};
/* End XCConfigurationList section */
	};
	rootObject = 50066743292A487100363584 /* Project object */;
}
